
Microsoft Visual Studio Solution File, Format Version 12.00
# Visual Studio Version 16
VisualStudioVersion = 16.0.28803.352
MinimumVisualStudioVersion = 10.0.40219.1
Project("{FAE04EC0-301F-11D3-BF4B-00C04F79EFBC}") = "Pubsite-VentesB2B", "Pubsite-VentesB2B\Pubsite-VentesB2B.csproj", "{2729B312-8948-4776-8DB5-001E68B23E16}"
EndProject
Global
	GlobalSection(SolutionConfigurationPlatforms) = preSolution
		Debug|Any CPU = Debug|Any CPU
		Release|Any CPU = Release|Any CPU
	EndGlobalSection
	GlobalSection(ProjectConfigurationPlatforms) = postSolution
		{2729B312-8948-4776-8DB5-001E68B23E16}.Debug|Any CPU.ActiveCfg = Debug|Any CPU
		{2729B312-8948-4776-8DB5-001E68B23E16}.Debug|Any CPU.Build.0 = Debug|Any CPU
		{2729B312-8948-4776-8DB5-001E68B23E16}.Release|Any CPU.ActiveCfg = Release|Any CPU
		{2729B312-8948-4776-8DB5-001E68B23E16}.Release|Any CPU.Build.0 = Release|Any CPU
	EndGlobalSection
	GlobalSection(SolutionProperties) = preSolution
		HideSolutionNode = FALSE
	EndGlobalSection
	GlobalSection(ExtensibilityGlobals) = postSolution
		SolutionGuid = {760B0E52-CA5B-4105-A87E-9DD96D771160}
	EndGlobalSection
EndGlobal
